
Microsoft Visual Studio Solution File, Format Version 12.00
# Visual Studio Version 16
VisualStudioVersion = 16.0.29215.179
MinimumVisualStudioVersion = 10.0.40219.1
Project("{FAE04EC0-301F-11D3-BF4B-00C04F79EFBC}") = "CrudAsyncXamarin.Android", "CrudAsyncXamarin\CrudAsyncXamarin.Android\CrudAsyncXamarin.Android.csproj", "{F9C0092B-0C2F-4A8F-949D-A28DFAB6AE9A}"
EndProject
Project("{FAE04EC0-301F-11D3-BF4B-00C04F79EFBC}") = "CrudAsyncXamarin.iOS", "CrudAsyncXamarin\CrudAsyncXamarin.iOS\CrudAsyncXamarin.iOS.csproj", "{09C489BC-3A00-495E-9D70-B2B3BFD9419C}"
EndProject
Project("{FAE04EC0-301F-11D3-BF4B-00C04F79EFBC}") = "CrudAsyncXamarin", "CrudAsyncXamarin\CrudAsyncXamarin\CrudAsyncXamarin.csproj", "{03676866-76FC-4B98-A9F4-4D552423E59C}"
EndProject
Global
	GlobalSection(SolutionConfigurationPlatforms) = preSolution
		Debug|Any CPU = Debug|Any CPU
		Debug|iPhone = Debug|iPhone
		Debug|iPhoneSimulator = Debug|iPhoneSimulator
		Release|Any CPU = Release|Any CPU
		Release|iPhone = Release|iPhone
		Release|iPhoneSimulator = Release|iPhoneSimulator
	EndGlobalSection
	GlobalSection(ProjectConfigurationPlatforms) = postSolution
		{F9C0092B-0C2F-4A8F-949D-A28DFAB6AE9A}.Debug|Any CPU.ActiveCfg = Debug|Any CPU
		{F9C0092B-0C2F-4A8F-949D-A28DFAB6AE9A}.Debug|Any CPU.Build.0 = Debug|Any CPU
		{F9C0092B-0C2F-4A8F-949D-A28DFAB6AE9A}.Debug|Any CPU.Deploy.0 = Debug|Any CPU
		{F9C0092B-0C2F-4A8F-949D-A28DFAB6AE9A}.Debug|iPhone.ActiveCfg = Debug|Any CPU
		{F9C0092B-0C2F-4A8F-949D-A28DFAB6AE9A}.Debug|iPhone.Build.0 = Debug|Any CPU
		{F9C0092B-0C2F-4A8F-949D-A28DFAB6AE9A}.Debug|iPhone.Deploy.0 = Debug|Any CPU
		{F9C0092B-0C2F-4A8F-949D-A28DFAB6AE9A}.Debug|iPhoneSimulator.ActiveCfg = Debug|Any CPU
		{F9C0092B-0C2F-4A8F-949D-A28DFAB6AE9A}.Debug|iPhoneSimulator.Build.0 = Debug|Any CPU
		{F9C0092B-0C2F-4A8F-949D-A28DFAB6AE9A}.Debug|iPhoneSimulator.Deploy.0 = Debug|Any CPU
		{F9C0092B-0C2F-4A8F-949D-A28DFAB6AE9A}.Release|Any CPU.ActiveCfg = Release|Any CPU
		{F9C0092B-0C2F-4A8F-949D-A28DFAB6AE9A}.Release|Any CPU.Build.0 = Release|Any CPU
		{F9C0092B-0C2F-4A8F-949D-A28DFAB6AE9A}.Release|Any CPU.Deploy.0 = Release|Any CPU
		{F9C0092B-0C2F-4A8F-949D-A28DFAB6AE9A}.Release|iPhone.ActiveCfg = Release|Any CPU
		{F9C0092B-0C2F-4A8F-949D-A28DFAB6AE9A}.Release|iPhone.Build.0 = Release|Any CPU
		{F9C0092B-0C2F-4A8F-949D-A28DFAB6AE9A}.Release|iPhone.Deploy.0 = Release|Any CPU
		{F9C0092B-0C2F-4A8F-949D-A28DFAB6AE9A}.Release|iPhoneSimulator.ActiveCfg = Release|Any CPU
		{F9C0092B-0C2F-4A8F-949D-A28DFAB6AE9A}.Release|iPhoneSimulator.Build.0 = Release|Any CPU
		{F9C0092B-0C2F-4A8F-949D-A28DFAB6AE9A}.Release|iPhoneSimulator.Deploy.0 = Release|Any CPU
		{09C489BC-3A00-495E-9D70-B2B3BFD9419C}.Debug|Any CPU.ActiveCfg = Debug|iPhoneSimulator
		{09C489BC-3A00-495E-9D70-B2B3BFD9419C}.Debug|Any CPU.Build.0 = Debug|iPhoneSimulator
		{09C489BC-3A00-495E-9D70-B2B3BFD9419C}.Debug|Any CPU.Deploy.0 = Debug|iPhoneSimulator
		{09C489BC-3A00-495E-9D70-B2B3BFD9419C}.Debug|iPhone.ActiveCfg = Debug|iPhone
		{09C489BC-3A00-495E-9D70-B2B3BFD9419C}.Debug|iPhone.Build.0 = Debug|iPhone
		{09C489BC-3A00-495E-9D70-B2B3BFD9419C}.Debug|iPhone.Deploy.0 = Debug|iPhone
		{09C489BC-3A00-495E-9D70-B2B3BFD9419C}.Debug|iPhoneSimulator.ActiveCfg = Debug|iPhoneSimulator
		{09C489BC-3A00-495E-9D70-B2B3BFD9419C}.Debug|iPhoneSimulator.Build.0 = Debug|iPhoneSimulator
		{09C489BC-3A00-495E-9D70-B2B3BFD9419C}.Debug|iPhoneSimulator.Deploy.0 = Debug|iPhoneSimulator
		{09C489BC-3A00-495E-9D70-B2B3BFD9419C}.Release|Any CPU.ActiveCfg = Release|iPhone
		{09C489BC-3A00-495E-9D70-B2B3BFD9419C}.Release|Any CPU.Build.0 = Release|iPhone
		{09C489BC-3A00-495E-9D70-B2B3BFD9419C}.Release|Any CPU.Deploy.0 = Release|iPhone
		{09C489BC-3A00-495E-9D70-B2B3BFD9419C}.Release|iPhone.ActiveCfg = Release|iPhone
		{09C489BC-3A00-495E-9D70-B2B3BFD9419C}.Release|iPhone.Build.0 = Release|iPhone
		{09C489BC-3A00-495E-9D70-B2B3BFD9419C}.Release|iPhone.Deploy.0 = Release|iPhone
		{09C489BC-3A00-495E-9D70-B2B3BFD9419C}.Release|iPhoneSimulator.ActiveCfg = Release|iPhoneSimulator
		{09C489BC-3A00-495E-9D70-B2B3BFD9419C}.Release|iPhoneSimulator.Build.0 = Release|iPhoneSimulator
		{09C489BC-3A00-495E-9D70-B2B3BFD9419C}.Release|iPhoneSimulator.Deploy.0 = Release|iPhoneSimulator
		{03676866-76FC-4B98-A9F4-4D552423E59C}.Debug|Any CPU.ActiveCfg = Debug|Any CPU
		{03676866-76FC-4B98-A9F4-4D552423E59C}.Debug|Any CPU.Build.0 = Debug|Any CPU
		{03676866-76FC-4B98-A9F4-4D552423E59C}.Debug|Any CPU.Deploy.0 = Debug|Any CPU
		{03676866-76FC-4B98-A9F4-4D552423E59C}.Debug|iPhone.ActiveCfg = Debug|Any CPU
		{03676866-76FC-4B98-A9F4-4D552423E59C}.Debug|iPhone.Build.0 = Debug|Any CPU
		{03676866-76FC-4B98-A9F4-4D552423E59C}.Debug|iPhone.Deploy.0 = Debug|Any CPU
		{03676866-76FC-4B98-A9F4-4D552423E59C}.Debug|iPhoneSimulator.ActiveCfg = Debug|Any CPU
		{03676866-76FC-4B98-A9F4-4D552423E59C}.Debug|iPhoneSimulator.Build.0 = Debug|Any CPU
		{03676866-76FC-4B98-A9F4-4D552423E59C}.Debug|iPhoneSimulator.Deploy.0 = Debug|Any CPU
		{03676866-76FC-4B98-A9F4-4D552423E59C}.Release|Any CPU.ActiveCfg = Release|Any CPU
		{03676866-76FC-4B98-A9F4-4D552423E59C}.Release|Any CPU.Build.0 = Release|Any CPU
		{03676866-76FC-4B98-A9F4-4D552423E59C}.Release|Any CPU.Deploy.0 = Release|Any CPU
		{03676866-76FC-4B98-A9F4-4D552423E59C}.Release|iPhone.ActiveCfg = Release|Any CPU
		{03676866-76FC-4B98-A9F4-4D552423E59C}.Release|iPhone.Build.0 = Release|Any CPU
		{03676866-76FC-4B98-A9F4-4D552423E59C}.Release|iPhone.Deploy.0 = Release|Any CPU
		{03676866-76FC-4B98-A9F4-4D552423E59C}.Release|iPhoneSimulator.ActiveCfg = Release|Any CPU
		{03676866-76FC-4B98-A9F4-4D552423E59C}.Release|iPhoneSimulator.Build.0 = Release|Any CPU
		{03676866-76FC-4B98-A9F4-4D552423E59C}.Release|iPhoneSimulator.Deploy.0 = Release|Any CPU
	EndGlobalSection
	GlobalSection(SolutionProperties) = preSolution
		HideSolutionNode = FALSE
	EndGlobalSection
	GlobalSection(ExtensibilityGlobals) = postSolution
		SolutionGuid = {722A7A23-907F-4532-8A4A-9A0109539056}
	EndGlobalSection
EndGlobal
